// !$*UTF8*$!
{
	archiveVersion = 1;
	classes = {
	};
	objectVersion = 50;
	objects = {

/* Begin PBXBuildFile section */
		AF04003C2188ABF6007E2CCA /* Task.swift in Sources */ = {isa = PBXBuildFile; fileRef = AF04003B2188ABF6007E2CCA /* Task.swift */; };
		AF04003E2188AFB8007E2CCA /* UncompletedTaskTableViewCell.swift in Sources */ = {isa = PBXBuildFile; fileRef = AF04003D2188AFB8007E2CCA /* UncompletedTaskTableViewCell.swift */; };
		AF0400442188CD8F007E2CCA /* AddGameViewController.swift in Sources */ = {isa = PBXBuildFile; fileRef = AF0400432188CD8F007E2CCA /* AddGameViewController.swift */; };
		AF11649C2188AA740023F068 /* AppDelegate.swift in Sources */ = {isa = PBXBuildFile; fileRef = AF11649B2188AA740023F068 /* AppDelegate.swift */; };
		AF11649E2188AA740023F068 /* ViewController.swift in Sources */ = {isa = PBXBuildFile; fileRef = AF11649D2188AA740023F068 /* ViewController.swift */; };
		AF1164A12188AA740023F068 /* Main.storyboard in Resources */ = {isa = PBXBuildFile; fileRef = AF11649F2188AA740023F068 /* Main.storyboard */; };
		AF1164A32188AA750023F068 /* Assets.xcassets in Resources */ = {isa = PBXBuildFile; fileRef = AF1164A22188AA750023F068 /* Assets.xcassets */; };
		AF1164A62188AA750023F068 /* LaunchScreen.storyboard in Resources */ = {isa = PBXBuildFile; fileRef = AF1164A42188AA750023F068 /* LaunchScreen.storyboard */; };
		AF477DBF218A31A30036A7FB /* TaskManager.swift in Sources */ = {isa = PBXBuildFile; fileRef = AF477DBE218A31A30036A7FB /* TaskManager.swift */; };
		AF477DC5218CCC770036A7FB /* ViewDetailsViewController.swift in Sources */ = {isa = PBXBuildFile; fileRef = AF477DC4218CCC770036A7FB /* ViewDetailsViewController.swift */; };
		AF477DC7218F91BA0036A7FB /* LoginViewController.swift in Sources */ = {isa = PBXBuildFile; fileRef = AF477DC6218F91BA0036A7FB /* LoginViewController.swift */; };
		AF477DC9219088EB0036A7FB /* EditPageViewController.swift in Sources */ = {isa = PBXBuildFile; fileRef = AF477DC8219088EB0036A7FB /* EditPageViewController.swift */; };
		AF477DCB219094920036A7FB /* CompleteViewController.swift in Sources */ = {isa = PBXBuildFile; fileRef = AF477DCA219094920036A7FB /* CompleteViewController.swift */; };
/* End PBXBuildFile section */

/* Begin PBXFileReference section */
		AF04003B2188ABF6007E2CCA /* Task.swift */ = {isa = PBXFileReference; lastKnownFileType = sourcecode.swift; path = Task.swift; sourceTree = "<group>"; };
		AF04003D2188AFB8007E2CCA /* UncompletedTaskTableViewCell.swift */ = {isa = PBXFileReference; lastKnownFileType = sourcecode.swift; path = UncompletedTaskTableViewCell.swift; sourceTree = "<group>"; };
		AF0400432188CD8F007E2CCA /* AddGameViewController.swift */ = {isa = PBXFileReference; lastKnownFileType = sourcecode.swift; path = AddGameViewController.swift; sourceTree = "<group>"; };
		AF1164982188AA740023F068 /* TaskManager.app */ = {isa = PBXFileReference; explicitFileType = wrapper.application; includeInIndex = 0; path = TaskManager.app; sourceTree = BUILT_PRODUCTS_DIR; };
		AF11649B2188AA740023F068 /* AppDelegate.swift */ = {isa = PBXFileReference; lastKnownFileType = sourcecode.swift; path = AppDelegate.swift; sourceTree = "<group>"; };
		AF11649D2188AA740023F068 /* ViewController.swift */ = {isa = PBXFileReference; lastKnownFileType = sourcecode.swift; path = ViewController.swift; sourceTree = "<group>"; };
		AF1164A02188AA740023F068 /* Base */ = {isa = PBXFileReference; lastKnownFileType = file.storyboard; name = Base; path = Base.lproj/Main.storyboard; sourceTree = "<group>"; };
		AF1164A22188AA750023F068 /* Assets.xcassets */ = {isa = PBXFileReference; lastKnownFileType = folder.assetcatalog; path = Assets.xcassets; sourceTree = "<group>"; };
		AF1164A52188AA750023F068 /* Base */ = {isa = PBXFileReference; lastKnownFileType = file.storyboard; name = Base; path = Base.lproj/LaunchScreen.storyboard; sourceTree = "<group>"; };
		AF1164A72188AA750023F068 /* Info.plist */ = {isa = PBXFileReference; lastKnownFileType = text.plist.xml; path = Info.plist; sourceTree = "<group>"; };
		AF477DBE218A31A30036A7FB /* TaskManager.swift */ = {isa = PBXFileReference; lastKnownFileType = sourcecode.swift; path = TaskManager.swift; sourceTree = "<group>"; };
		AF477DC4218CCC770036A7FB /* ViewDetailsViewController.swift */ = {isa = PBXFileReference; lastKnownFileType = sourcecode.swift; path = ViewDetailsViewController.swift; sourceTree = "<group>"; };
		AF477DC6218F91BA0036A7FB /* LoginViewController.swift */ = {isa = PBXFileReference; lastKnownFileType = sourcecode.swift; path = LoginViewController.swift; sourceTree = "<group>"; };
		AF477DC8219088EB0036A7FB /* EditPageViewController.swift */ = {isa = PBXFileReference; lastKnownFileType = sourcecode.swift; path = EditPageViewController.swift; sourceTree = "<group>"; };
		AF477DCA219094920036A7FB /* CompleteViewController.swift */ = {isa = PBXFileReference; lastKnownFileType = sourcecode.swift; path = CompleteViewController.swift; sourceTree = "<group>"; };
/* End PBXFileReference section */

/* Begin PBXFrameworksBuildPhase section */
		AF1164952188AA740023F068 /* Frameworks */ = {
			isa = PBXFrameworksBuildPhase;
			buildActionMask = 2147483647;
			files = (
			);
			runOnlyForDeploymentPostprocessing = 0;
		};
/* End PBXFrameworksBuildPhase section */

/* Begin PBXGroup section */
		AF11648F2188AA740023F068 = {
			isa = PBXGroup;
			children = (
				AF11649A2188AA740023F068 /* TaskManager */,
				AF1164992188AA740023F068 /* Products */,
			);
			sourceTree = "<group>";
		};
		AF1164992188AA740023F068 /* Products */ = {
			isa = PBXGroup;
			children = (
				AF1164982188AA740023F068 /* TaskManager.app */,
			);
			name = Products;
			sourceTree = "<group>";
		};
		AF11649A2188AA740023F068 /* TaskManager */ = {
			isa = PBXGroup;
			children = (
				AF11649B2188AA740023F068 /* AppDelegate.swift */,
				AF11649D2188AA740023F068 /* ViewController.swift */,
				AF11649F2188AA740023F068 /* Main.storyboard */,
				AF04003B2188ABF6007E2CCA /* Task.swift */,
				AF1164A22188AA750023F068 /* Assets.xcassets */,
				AF1164A42188AA750023F068 /* LaunchScreen.storyboard */,
				AF1164A72188AA750023F068 /* Info.plist */,
				AF04003D2188AFB8007E2CCA /* UncompletedTaskTableViewCell.swift */,
				AF0400432188CD8F007E2CCA /* AddGameViewController.swift */,
				AF477DBE218A31A30036A7FB /* TaskManager.swift */,
				AF477DC4218CCC770036A7FB /* ViewDetailsViewController.swift */,
				AF477DC6218F91BA0036A7FB /* LoginViewController.swift */,
				AF477DC8219088EB0036A7FB /* EditPageViewController.swift */,
				AF477DCA219094920036A7FB /* CompleteViewController.swift */,
			);
			path = TaskManager;
			sourceTree = "<group>";
		};
/* End PBXGroup section */

/* Begin PBXNativeTarget section */
		AF1164972188AA740023F068 /* TaskManager */ = {
			isa = PBXNativeTarget;
			buildConfigurationList = AF1164AA2188AA750023F068 /* Build configuration list for PBXNativeTarget "TaskManager" */;
			buildPhases = (
				AF1164942188AA740023F068 /* Sources */,
				AF1164952188AA740023F068 /* Frameworks */,
				AF1164962188AA740023F068 /* Resources */,
			);
			buildRules = (
			);
			dependencies = (
			);
			name = TaskManager;
			productName = TaskManager;
			productReference = AF1164982188AA740023F068 /* TaskManager.app */;
			productType = "com.apple.product-type.application";
		};
/* End PBXNativeTarget section */

/* Begin PBXProject section */
		AF1164902188AA740023F068 /* Project object */ = {
			isa = PBXProject;
			attributes = {
				LastSwiftUpdateCheck = 1000;
				LastUpgradeCheck = 1000;
				ORGANIZATIONNAME = "Katelyn Pace";
				TargetAttributes = {
					AF1164972188AA740023F068 = {
						CreatedOnToolsVersion = 10.0;
					};
				};
			};
			buildConfigurationList = AF1164932188AA740023F068 /* Build configuration list for PBXProject "TaskManager" */;
			compatibilityVersion = "Xcode 9.3";
			developmentRegion = en;
			hasScannedForEncodings = 0;
			knownRegions = (
				en,
				Base,
			);
			mainGroup = AF11648F2188AA740023F068;
			productRefGroup = AF1164992188AA740023F068 /* Products */;
			projectDirPath = "";
			projectRoot = "";
			targets = (
				AF1164972188AA740023F068 /* TaskManager */,
			);
		};
/* End PBXProject section */

/* Begin PBXResourcesBuildPhase section */
		AF1164962188AA740023F068 /* Resources */ = {
			isa = PBXResourcesBuildPhase;
			buildActionMask = 2147483647;
			files = (
				AF1164A62188AA750023F068 /* LaunchScreen.storyboard in Resources */,
				AF1164A32188AA750023F068 /* Assets.xcassets in Resources */,
				AF1164A12188AA740023F068 /* Main.storyboard in Resources */,
			);
			runOnlyForDeploymentPostprocessing = 0;
		};
/* End PBXResourcesBuildPhase section */

/* Begin PBXSourcesBuildPhase section */
		AF1164942188AA740023F068 /* Sources */ = {
			isa = PBXSourcesBuildPhase;
			buildActionMask = 2147483647;
			files = (
				AF477DBF218A31A30036A7FB /* TaskManager.swift in Sources */,
				AF0400442188CD8F007E2CCA /* AddGameViewController.swift in Sources */,
				AF11649E2188AA740023F068 /* ViewController.swift in Sources */,
				AF477DCB219094920036A7FB /* CompleteViewController.swift in Sources */,
				AF04003C2188ABF6007E2CCA /* Task.swift in Sources */,
				AF477DC7218F91BA0036A7FB /* LoginViewController.swift in Sources */,
				AF477DC5218CCC770036A7FB /* ViewDetailsViewController.swift in Sources */,
				AF477DC9219088EB0036A7FB /* EditPageViewController.swift in Sources */,
				AF11649C2188AA740023F068 /* AppDelegate.swift in Sources */,
				AF04003E2188AFB8007E2CCA /* UncompletedTaskTableViewCell.swift in Sources */,
			);
			runOnlyForDeploymentPostprocessing = 0;
		};
/* End PBXSourcesBuildPhase section */

/* Begin PBXVariantGroup section */
		AF11649F2188AA740023F068 /* Main.storyboard */ = {
			isa = PBXVariantGroup;
			children = (
				AF1164A02188AA740023F068 /* Base */,
			);
			name = Main.storyboard;
			sourceTree = "<group>";
		};
		AF1164A42188AA750023F068 /* LaunchScreen.storyboard */ = {
			isa = PBXVariantGroup;
			children = (
				AF1164A52188AA750023F068 /* Base */,
			);
			name = LaunchScreen.storyboard;
			sourceTree = "<group>";
		};
/* End PBXVariantGroup section */

/* Begin XCBuildConfiguration section */
		AF1164A82188AA750023F068 /* Debug */ = {
			isa = XCBuildConfiguration;
			buildSettings = {
				ALWAYS_SEARCH_USER_PATHS = NO;
				CLANG_ANALYZER_NONNULL = YES;
				CLANG_ANALYZER_NUMBER_OBJECT_CONVERSION = YES_AGGRESSIVE;
				CLANG_CXX_LANGUAGE_STANDARD = "gnu++14";
				CLANG_CXX_LIBRARY = "libc++";
				CLANG_ENABLE_MODULES = YES;
				CLANG_ENABLE_OBJC_ARC = YES;
				CLANG_ENABLE_OBJC_WEAK = YES;
				CLANG_WARN_BLOCK_CAPTURE_AUTORELEASING = YES;
				CLANG_WARN_BOOL_CONVERSION = YES;
				CLANG_WARN_COMMA = YES;
				CLANG_WARN_CONSTANT_CONVERSION = YES;
				CLANG_WARN_DEPRECATED_OBJC_IMPLEMENTATIONS = YES;
				CLANG_WARN_DIRECT_OBJC_ISA_USAGE = YES_ERROR;
				CLANG_WARN_DOCUMENTATION_COMMENTS = YES;
				CLANG_WARN_EMPTY_BODY = YES;
				CLANG_WARN_ENUM_CONVERSION = YES;
				CLANG_WARN_INFINITE_RECURSION = YES;
				CLANG_WARN_INT_CONVERSION = YES;
				CLANG_WARN_NON_LITERAL_NULL_CONVERSION = YES;
				CLANG_WARN_OBJC_IMPLICIT_RETAIN_SELF = YES;
				CLANG_WARN_OBJC_LITERAL_CONVERSION = YES;
				CLANG_WARN_OBJC_ROOT_CLASS = YES_ERROR;
				CLANG_WARN_RANGE_LOOP_ANALYSIS = YES;
				CLANG_WARN_STRICT_PROTOTYPES = YES;
				CLANG_WARN_SUSPICIOUS_MOVE = YES;
				CLANG_WARN_UNGUARDED_AVAILABILITY = YES_AGGRESSIVE;
				CLANG_WARN_UNREACHABLE_CODE = YES;
				CLANG_WARN__DUPLICATE_METHOD_MATCH = YES;
				CODE_SIGN_IDENTITY = "iPhone Developer";
				COPY_PHASE_STRIP = NO;
				DEBUG_INFORMATION_FORMAT = dwarf;
				ENABLE_STRICT_OBJC_MSGSEND = YES;
				ENABLE_TESTABILITY = YES;
				GCC_C_LANGUAGE_STANDARD = gnu11;
				GCC_DYNAMIC_NO_PIC = NO;
				GCC_NO_COMMON_BLOCKS = YES;
				GCC_OPTIMIZATION_LEVEL = 0;
				GCC_PREPROCESSOR_DEFINITIONS = (
					"DEBUG=1",
					"$(inherited)",
				);
				GCC_WARN_64_TO_32_BIT_CONVERSION = YES;
				GCC_WARN_ABOUT_RETURN_TYPE = YES_ERROR;
				GCC_WARN_UNDECLARED_SELECTOR = YES;
				GCC_WARN_UNINITIALIZED_AUTOS = YES_AGGRESSIVE;
				GCC_WARN_UNUSED_FUNCTION = YES;
				GCC_WARN_UNUSED_VARIABLE = YES;
				IPHONEOS_DEPLOYMENT_TARGET = 12.0;
				MTL_ENABLE_DEBUG_INFO = INCLUDE_SOURCE;
				MTL_FAST_MATH = YES;
				ONLY_ACTIVE_ARCH = YES;
				SDKROOT = iphoneos;
				SWIFT_ACTIVE_COMPILATION_CONDITIONS = DEBUG;
				SWIFT_OPTIMIZATION_LEVEL = "-Onone";
			};
			name = Debug;
		};
		AF1164A92188AA750023F068 /* Release */ = {
			isa = XCBuildConfiguration;
			buildSettings = {
				ALWAYS_SEARCH_USER_PATHS = NO;
				CLANG_ANALYZER_NONNULL = YES;
				CLANG_ANALYZER_NUMBER_OBJECT_CONVERSION = YES_AGGRESSIVE;
				CLANG_CXX_LANGUAGE_STANDARD = "gnu++14";
				CLANG_CXX_LIBRARY = "libc++";
				CLANG_ENABLE_MODULES = YES;
				CLANG_ENABLE_OBJC_ARC = YES;
				CLANG_ENABLE_OBJC_WEAK = YES;
				CLANG_WARN_BLOCK_CAPTURE_AUTORELEASING = YES;
				CLANG_WARN_BOOL_CONVERSION = YES;
				CLANG_WARN_COMMA = YES;
				CLANG_WARN_CONSTANT_CONVERSION = YES;
				CLANG_WARN_DEPRECATED_OBJC_IMPLEMENTATIONS = YES;
				CLANG_WARN_DIRECT_OBJC_ISA_USAGE = YES_ERROR;
				CLANG_WARN_DOCUMENTATION_COMMENTS = YES;
				CLANG_WARN_EMPTY_BODY = YES;
				CLANG_WARN_ENUM_CONVERSION = YES;
				CLANG_WARN_INFINITE_RECURSION = YES;
				CLANG_WARN_INT_CONVERSION = YES;
				CLANG_WARN_NON_LITERAL_NULL_CONVERSION = YES;
				CLANG_WARN_OBJC_IMPLICIT_RETAIN_SELF = YES;
				CLANG_WARN_OBJC_LITERAL_CONVERSION = YES;
				CLANG_WARN_OBJC_ROOT_CLASS = YES_ERROR;
				CLANG_WARN_RANGE_LOOP_ANALYSIS = YES;
				CLANG_WARN_STRICT_PROTOTYPES = YES;
				CLANG_WARN_SUSPICIOUS_MOVE = YES;
				CLANG_WARN_UNGUARDED_AVAILABILITY = YES_AGGRESSIVE;
				CLANG_WARN_UNREACHABLE_CODE = YES;
				CLANG_WARN__DUPLICATE_METHOD_MATCH = YES;
				CODE_SIGN_IDENTITY = "iPhone Developer";
				COPY_PHASE_STRIP = NO;
				DEBUG_INFORMATION_FORMAT = "dwarf-with-dsym";
				ENABLE_NS_ASSERTIONS = NO;
				ENABLE_STRICT_OBJC_MSGSEND = YES;
				GCC_C_LANGUAGE_STANDARD = gnu11;
				GCC_NO_COMMON_BLOCKS = YES;
				GCC_WARN_64_TO_32_BIT_CONVERSION = YES;
				GCC_WARN_ABOUT_RETURN_TYPE = YES_ERROR;
				GCC_WARN_UNDECLARED_SELECTOR = YES;
				GCC_WARN_UNINITIALIZED_AUTOS = YES_AGGRESSIVE;
				GCC_WARN_UNUSED_FUNCTION = YES;
				GCC_WARN_UNUSED_VARIABLE = YES;
				IPHONEOS_DEPLOYMENT_TARGET = 12.0;
				MTL_ENABLE_DEBUG_INFO = NO;
				MTL_FAST_MATH = YES;
				SDKROOT = iphoneos;
				SWIFT_COMPILATION_MODE = wholemodule;
				SWIFT_OPTIMIZATION_LEVEL = "-O";
				VALIDATE_PRODUCT = YES;
			};
			name = Release;
		};
		AF1164AB2188AA750023F068 /* Debug */ = {
			isa = XCBuildConfiguration;
			buildSettings = {
				ASSETCATALOG_COMPILER_APPICON_NAME = AppIcon;
				CODE_SIGN_STYLE = Automatic;
				INFOPLIST_FILE = TaskManager/Info.plist;
				LD_RUNPATH_SEARCH_PATHS = (
					"$(inherited)",
					"@executable_path/Frameworks",
				);
				PRODUCT_BUNDLE_IDENTIFIER = com.katelynPace.TaskManager;
				PRODUCT_NAME = "$(TARGET_NAME)";
				SWIFT_VERSION = 4.2;
				TARGETED_DEVICE_FAMILY = "1,2";
			};
			name = Debug;
		};
		AF1164AC2188AA750023F068 /* Release */ = {
			isa = XCBuildConfiguration;
			buildSettings = {
				ASSETCATALOG_COMPILER_APPICON_NAME = AppIcon;
				CODE_SIGN_STYLE = Automatic;
				INFOPLIST_FILE = TaskManager/Info.plist;
				LD_RUNPATH_SEARCH_PATHS = (
					"$(inherited)",
					"@executable_path/Frameworks",
				);
				PRODUCT_BUNDLE_IDENTIFIER = com.katelynPace.TaskManager;
				PRODUCT_NAME = "$(TARGET_NAME)";
				SWIFT_VERSION = 4.2;
				TARGETED_DEVICE_FAMILY = "1,2";
			};
			name = Release;
		};
/* End XCBuildConfiguration section */

/* Begin XCConfigurationList section */
		AF1164932188AA740023F068 /* Build configuration list for PBXProject "TaskManager" */ = {
			isa = XCConfigurationList;
			buildConfigurations = (
				AF1164A82188AA750023F068 /* Debug */,
				AF1164A92188AA750023F068 /* Release */,
			);
			defaultConfigurationIsVisible = 0;
			defaultConfigurationName = Release;
		};
		AF1164AA2188AA750023F068 /* Build configuration list for PBXNativeTarget "TaskManager" */ = {
			isa = XCConfigurationList;
			buildConfigurations = (
				AF1164AB2188AA750023F068 /* Debug */,
				AF1164AC2188AA750023F068 /* Release */,
			);
			defaultConfigurationIsVisible = 0;
			defaultConfigurationName = Release;
		};
/* End XCConfigurationList section */
	};
	rootObject = AF1164902188AA740023F068 /* Project object */;
}
